
Microsoft Visual Studio Solution File, Format Version 12.00
# Visual Studio Version 17
VisualStudioVersion = 17.4.33205.214
MinimumVisualStudioVersion = 10.0.40219.1
Project("{2150E333-8FDC-42A3-9474-1A3956D46DE8}") = "api", "api", "{C3DE6FF1-EC30-41F1-84FA-A60EB3CD8B8E}"
EndProject
Project("{2150E333-8FDC-42A3-9474-1A3956D46DE8}") = "app", "app", "{F8448784-6858-48FE-937D-A40648D6D26F}"
EndProject
Project("{9A19103F-16F7-4668-BE54-9A1E7A4F7556}") = "FinanceApp.Api", "src\api\FinanceApp.Api.csproj", "{64C82C9E-4375-436A-93D9-2A86DBE0D771}"
EndProject
Project("{9A19103F-16F7-4668-BE54-9A1E7A4F7556}") = "FinanceApp", "src\app\FinanceApp.csproj", "{3118B3E3-F491-44C5-9FC8-3586D3E7B90A}"
EndProject
Global
	GlobalSection(SolutionConfigurationPlatforms) = preSolution
		Debug|Any CPU = Debug|Any CPU
		Release|Any CPU = Release|Any CPU
	EndGlobalSection
	GlobalSection(ProjectConfigurationPlatforms) = postSolution
		{64C82C9E-4375-436A-93D9-2A86DBE0D771}.Debug|Any CPU.ActiveCfg = Debug|Any CPU
		{64C82C9E-4375-436A-93D9-2A86DBE0D771}.Debug|Any CPU.Build.0 = Debug|Any CPU
		{64C82C9E-4375-436A-93D9-2A86DBE0D771}.Release|Any CPU.ActiveCfg = Release|Any CPU
		{64C82C9E-4375-436A-93D9-2A86DBE0D771}.Release|Any CPU.Build.0 = Release|Any CPU
		{3118B3E3-F491-44C5-9FC8-3586D3E7B90A}.Debug|Any CPU.ActiveCfg = Debug|Any CPU
		{3118B3E3-F491-44C5-9FC8-3586D3E7B90A}.Debug|Any CPU.Build.0 = Debug|Any CPU
		{3118B3E3-F491-44C5-9FC8-3586D3E7B90A}.Release|Any CPU.ActiveCfg = Release|Any CPU
		{3118B3E3-F491-44C5-9FC8-3586D3E7B90A}.Release|Any CPU.Build.0 = Release|Any CPU
	EndGlobalSection
	GlobalSection(SolutionProperties) = preSolution
		HideSolutionNode = FALSE
	EndGlobalSection
	GlobalSection(NestedProjects) = preSolution
		{64C82C9E-4375-436A-93D9-2A86DBE0D771} = {C3DE6FF1-EC30-41F1-84FA-A60EB3CD8B8E}
		{3118B3E3-F491-44C5-9FC8-3586D3E7B90A} = {F8448784-6858-48FE-937D-A40648D6D26F}
	EndGlobalSection
	GlobalSection(ExtensibilityGlobals) = postSolution
		SolutionGuid = {7C98C284-1911-4822-8B01-CE411954D75E}
	EndGlobalSection
EndGlobal
